<?xml version="1.0" encoding="utf-8"?>
<Project ToolsVersion="4.0" xmlns="http://schemas.microsoft.com/developer/msbuild/2003">
  <ItemGroup>
    <ClCompile Include="dllmain.cpp" />
    <ClCompile Include="halfVisualizer.cpp" />
    <ClCompile Include="stdafx.cpp" />
  </ItemGroup>
  <ItemGroup>
    <None Include="packages.config" />
    <None Include="packages.version.props" />
    <None Include="halfVisualizer.natvis" />
    <None Include="halfVisualizer.def" />
    <None Include="halfVisualizer.vsdconfigxml" />
  </ItemGroup>
  <ItemGroup>
    <ClInclude Include="stdafx.h" />
    <ClInclude Include="half.h" />
    <ClInclude Include="halfVisualizer.h" />
  </ItemGroup>
</Project>